
Microsoft Visual Studio Solution File, Format Version 12.00
# Visual Studio 14
VisualStudioVersion = 14.0.23107.0
MinimumVisualStudioVersion = 10.0.40219.1
Project("{FAE04EC0-301F-11D3-BF4B-00C04F79EFBC}") = "GenericInterface", "GenericInterface\GenericInterface.csproj", "{50217D43-7EAC-4552-BE15-2CB0B82BE4E4}"
	ProjectSection(ProjectDependencies) = postProject
		{9A0B4B07-1895-4989-9534-AB9A45B1EF87} = {9A0B4B07-1895-4989-9534-AB9A45B1EF87}
		{047B096F-63A7-4385-BAD7-3035DB64244F} = {047B096F-63A7-4385-BAD7-3035DB64244F}
		{EF02E5E8-C1FC-4346-9D5F-74FC322D72CC} = {EF02E5E8-C1FC-4346-9D5F-74FC322D72CC}
	EndProjectSection
EndProject
Project("{FAE04EC0-301F-11D3-BF4B-00C04F79EFBC}") = "Core", "Core\Core.csproj", "{15392D21-37C8-43BC-957A-965821ADC452}"
EndProject
Project("{2150E333-8FDC-42A3-9474-1A3956D46DE8}") = "Plugins", "Plugins", "{99F4A538-5A0A-44AE-BF15-5C900CA2EC88}"
EndProject
Project("{FAE04EC0-301F-11D3-BF4B-00C04F79EFBC}") = "AboutPlugin", "AboutPlugin\AboutPlugin.csproj", "{EF02E5E8-C1FC-4346-9D5F-74FC322D72CC}"
EndProject
Project("{2150E333-8FDC-42A3-9474-1A3956D46DE8}") = "Interface", "Interface", "{2704B54E-F866-400F-901B-4CB4E2B49AD0}"
EndProject
Project("{2150E333-8FDC-42A3-9474-1A3956D46DE8}") = "Nesting", "Nesting", "{FA72BFC7-BB59-40CE-A786-17B57DD6BF2A}"
EndProject
Project("{FAE04EC0-301F-11D3-BF4B-00C04F79EFBC}") = "Nesting.Core", "Nesting.Core\Nesting.Core.csproj", "{9A0B4B07-1895-4989-9534-AB9A45B1EF87}"
EndProject
Project("{FAE04EC0-301F-11D3-BF4B-00C04F79EFBC}") = "Nesting.PartEditor", "Nesting.PartEditor\Nesting.PartEditor.csproj", "{047B096F-63A7-4385-BAD7-3035DB64244F}"
EndProject
Project("{FAE04EC0-301F-11D3-BF4B-00C04F79EFBC}") = "Nesting.WorkingAreaEditor", "Nesting.WorkingAreaEditor\Nesting.WorkingAreaEditor.csproj", "{E09DE5DB-316F-4958-A9CB-181EB6966B24}"
EndProject
Project("{2150E333-8FDC-42A3-9474-1A3956D46DE8}") = "Classifiers", "Classifiers", "{63A40BF3-781E-49A3-BA04-61EC0A06576F}"
EndProject
Project("{FAE04EC0-301F-11D3-BF4B-00C04F79EFBC}") = "Nesting.DemoClassifiers", "DemoClassifiers\Nesting.DemoClassifiers.csproj", "{CF0C5D73-B98F-413F-8CAF-482E2DF5534D}"
EndProject
Project("{FAE04EC0-301F-11D3-BF4B-00C04F79EFBC}") = "Nesting.SimpleTesselationClassifier", "SimpleTesselationClassifier\Nesting.SimpleTesselationClassifier.csproj", "{612932EE-F7C2-4BDB-BF43-36263281D06C}"
EndProject
Project("{FAE04EC0-301F-11D3-BF4B-00C04F79EFBC}") = "Nesting.ClassifierList", "Nesting.ClassifierList\Nesting.ClassifierList.csproj", "{1B8F7B18-823D-4FDB-B135-175048020E50}"
EndProject
Project("{FAE04EC0-301F-11D3-BF4B-00C04F79EFBC}") = "Nesting.Runner", "Nesting.Runner\Nesting.Runner.csproj", "{C0A25CCB-1C60-4CFB-8AC0-626351490DDC}"
EndProject
Project("{FAE04EC0-301F-11D3-BF4B-00C04F79EFBC}") = "GetLoadedPlugins", "GetLoadedPlugins\GetLoadedPlugins.csproj", "{37669B4D-FA18-4B09-85B9-C155C5C39CA9}"
EndProject
Project("{FAE04EC0-301F-11D3-BF4B-00C04F79EFBC}") = "Nesting.RecursiveTesselationClassifier", "Nesting.RecursiveTesselationClassifier\Nesting.RecursiveTesselationClassifier.csproj", "{02C5C0C4-559C-4691-8AD4-89D8A81BC8C4}"
EndProject
Project("{FAE04EC0-301F-11D3-BF4B-00C04F79EFBC}") = "Nesting.ConvexHullSymmetryClassifier", "Nesting.ConvexHullSymmetryClassifier\Nesting.ConvexHullSymmetryClassifier.csproj", "{CA43D83E-0683-4D15-9BD1-D7F7357B47FD}"
EndProject
Global
	GlobalSection(SolutionConfigurationPlatforms) = preSolution
		Debug|Any CPU = Debug|Any CPU
		Release|Any CPU = Release|Any CPU
	EndGlobalSection
	GlobalSection(ProjectConfigurationPlatforms) = postSolution
		{50217D43-7EAC-4552-BE15-2CB0B82BE4E4}.Debug|Any CPU.ActiveCfg = Debug|Any CPU
		{50217D43-7EAC-4552-BE15-2CB0B82BE4E4}.Debug|Any CPU.Build.0 = Debug|Any CPU
		{50217D43-7EAC-4552-BE15-2CB0B82BE4E4}.Release|Any CPU.ActiveCfg = Release|Any CPU
		{50217D43-7EAC-4552-BE15-2CB0B82BE4E4}.Release|Any CPU.Build.0 = Release|Any CPU
		{15392D21-37C8-43BC-957A-965821ADC452}.Debug|Any CPU.ActiveCfg = Debug|Any CPU
		{15392D21-37C8-43BC-957A-965821ADC452}.Debug|Any CPU.Build.0 = Debug|Any CPU
		{15392D21-37C8-43BC-957A-965821ADC452}.Debug|Any CPU.Deploy.0 = Debug|Any CPU
		{15392D21-37C8-43BC-957A-965821ADC452}.Release|Any CPU.ActiveCfg = Release|Any CPU
		{15392D21-37C8-43BC-957A-965821ADC452}.Release|Any CPU.Build.0 = Release|Any CPU
		{EF02E5E8-C1FC-4346-9D5F-74FC322D72CC}.Debug|Any CPU.ActiveCfg = Debug|Any CPU
		{EF02E5E8-C1FC-4346-9D5F-74FC322D72CC}.Debug|Any CPU.Build.0 = Debug|Any CPU
		{EF02E5E8-C1FC-4346-9D5F-74FC322D72CC}.Release|Any CPU.ActiveCfg = Release|Any CPU
		{EF02E5E8-C1FC-4346-9D5F-74FC322D72CC}.Release|Any CPU.Build.0 = Release|Any CPU
		{9A0B4B07-1895-4989-9534-AB9A45B1EF87}.Debug|Any CPU.ActiveCfg = Debug|Any CPU
		{9A0B4B07-1895-4989-9534-AB9A45B1EF87}.Debug|Any CPU.Build.0 = Debug|Any CPU
		{9A0B4B07-1895-4989-9534-AB9A45B1EF87}.Release|Any CPU.ActiveCfg = Release|Any CPU
		{9A0B4B07-1895-4989-9534-AB9A45B1EF87}.Release|Any CPU.Build.0 = Release|Any CPU
		{047B096F-63A7-4385-BAD7-3035DB64244F}.Debug|Any CPU.ActiveCfg = Debug|Any CPU
		{047B096F-63A7-4385-BAD7-3035DB64244F}.Debug|Any CPU.Build.0 = Debug|Any CPU
		{047B096F-63A7-4385-BAD7-3035DB64244F}.Release|Any CPU.ActiveCfg = Release|Any CPU
		{047B096F-63A7-4385-BAD7-3035DB64244F}.Release|Any CPU.Build.0 = Release|Any CPU
		{E09DE5DB-316F-4958-A9CB-181EB6966B24}.Debug|Any CPU.ActiveCfg = Debug|Any CPU
		{E09DE5DB-316F-4958-A9CB-181EB6966B24}.Debug|Any CPU.Build.0 = Debug|Any CPU
		{E09DE5DB-316F-4958-A9CB-181EB6966B24}.Release|Any CPU.ActiveCfg = Release|Any CPU
		{E09DE5DB-316F-4958-A9CB-181EB6966B24}.Release|Any CPU.Build.0 = Release|Any CPU
		{CF0C5D73-B98F-413F-8CAF-482E2DF5534D}.Debug|Any CPU.ActiveCfg = Debug|Any CPU
		{CF0C5D73-B98F-413F-8CAF-482E2DF5534D}.Debug|Any CPU.Build.0 = Debug|Any CPU
		{CF0C5D73-B98F-413F-8CAF-482E2DF5534D}.Release|Any CPU.ActiveCfg = Release|Any CPU
		{CF0C5D73-B98F-413F-8CAF-482E2DF5534D}.Release|Any CPU.Build.0 = Release|Any CPU
		{612932EE-F7C2-4BDB-BF43-36263281D06C}.Debug|Any CPU.ActiveCfg = Debug|Any CPU
		{612932EE-F7C2-4BDB-BF43-36263281D06C}.Debug|Any CPU.Build.0 = Debug|Any CPU
		{612932EE-F7C2-4BDB-BF43-36263281D06C}.Release|Any CPU.ActiveCfg = Release|Any CPU
		{612932EE-F7C2-4BDB-BF43-36263281D06C}.Release|Any CPU.Build.0 = Release|Any CPU
		{1B8F7B18-823D-4FDB-B135-175048020E50}.Debug|Any CPU.ActiveCfg = Debug|Any CPU
		{1B8F7B18-823D-4FDB-B135-175048020E50}.Debug|Any CPU.Build.0 = Debug|Any CPU
		{1B8F7B18-823D-4FDB-B135-175048020E50}.Release|Any CPU.ActiveCfg = Release|Any CPU
		{1B8F7B18-823D-4FDB-B135-175048020E50}.Release|Any CPU.Build.0 = Release|Any CPU
		{C0A25CCB-1C60-4CFB-8AC0-626351490DDC}.Debug|Any CPU.ActiveCfg = Debug|Any CPU
		{C0A25CCB-1C60-4CFB-8AC0-626351490DDC}.Debug|Any CPU.Build.0 = Debug|Any CPU
		{C0A25CCB-1C60-4CFB-8AC0-626351490DDC}.Release|Any CPU.ActiveCfg = Release|Any CPU
		{C0A25CCB-1C60-4CFB-8AC0-626351490DDC}.Release|Any CPU.Build.0 = Release|Any CPU
		{37669B4D-FA18-4B09-85B9-C155C5C39CA9}.Debug|Any CPU.ActiveCfg = Debug|Any CPU
		{37669B4D-FA18-4B09-85B9-C155C5C39CA9}.Debug|Any CPU.Build.0 = Debug|Any CPU
		{37669B4D-FA18-4B09-85B9-C155C5C39CA9}.Release|Any CPU.ActiveCfg = Release|Any CPU
		{37669B4D-FA18-4B09-85B9-C155C5C39CA9}.Release|Any CPU.Build.0 = Release|Any CPU
		{02C5C0C4-559C-4691-8AD4-89D8A81BC8C4}.Debug|Any CPU.ActiveCfg = Debug|Any CPU
		{02C5C0C4-559C-4691-8AD4-89D8A81BC8C4}.Debug|Any CPU.Build.0 = Debug|Any CPU
		{02C5C0C4-559C-4691-8AD4-89D8A81BC8C4}.Release|Any CPU.ActiveCfg = Release|Any CPU
		{02C5C0C4-559C-4691-8AD4-89D8A81BC8C4}.Release|Any CPU.Build.0 = Release|Any CPU
		{CA43D83E-0683-4D15-9BD1-D7F7357B47FD}.Debug|Any CPU.ActiveCfg = Debug|Any CPU
		{CA43D83E-0683-4D15-9BD1-D7F7357B47FD}.Debug|Any CPU.Build.0 = Debug|Any CPU
		{CA43D83E-0683-4D15-9BD1-D7F7357B47FD}.Release|Any CPU.ActiveCfg = Release|Any CPU
		{CA43D83E-0683-4D15-9BD1-D7F7357B47FD}.Release|Any CPU.Build.0 = Release|Any CPU
	EndGlobalSection
	GlobalSection(SolutionProperties) = preSolution
		HideSolutionNode = FALSE
	EndGlobalSection
	GlobalSection(NestedProjects) = preSolution
		{50217D43-7EAC-4552-BE15-2CB0B82BE4E4} = {2704B54E-F866-400F-901B-4CB4E2B49AD0}
		{15392D21-37C8-43BC-957A-965821ADC452} = {2704B54E-F866-400F-901B-4CB4E2B49AD0}
		{EF02E5E8-C1FC-4346-9D5F-74FC322D72CC} = {99F4A538-5A0A-44AE-BF15-5C900CA2EC88}
		{FA72BFC7-BB59-40CE-A786-17B57DD6BF2A} = {99F4A538-5A0A-44AE-BF15-5C900CA2EC88}
		{9A0B4B07-1895-4989-9534-AB9A45B1EF87} = {FA72BFC7-BB59-40CE-A786-17B57DD6BF2A}
		{047B096F-63A7-4385-BAD7-3035DB64244F} = {FA72BFC7-BB59-40CE-A786-17B57DD6BF2A}
		{E09DE5DB-316F-4958-A9CB-181EB6966B24} = {FA72BFC7-BB59-40CE-A786-17B57DD6BF2A}
		{63A40BF3-781E-49A3-BA04-61EC0A06576F} = {FA72BFC7-BB59-40CE-A786-17B57DD6BF2A}
		{CF0C5D73-B98F-413F-8CAF-482E2DF5534D} = {63A40BF3-781E-49A3-BA04-61EC0A06576F}
		{612932EE-F7C2-4BDB-BF43-36263281D06C} = {63A40BF3-781E-49A3-BA04-61EC0A06576F}
		{1B8F7B18-823D-4FDB-B135-175048020E50} = {FA72BFC7-BB59-40CE-A786-17B57DD6BF2A}
		{C0A25CCB-1C60-4CFB-8AC0-626351490DDC} = {FA72BFC7-BB59-40CE-A786-17B57DD6BF2A}
		{37669B4D-FA18-4B09-85B9-C155C5C39CA9} = {99F4A538-5A0A-44AE-BF15-5C900CA2EC88}
		{02C5C0C4-559C-4691-8AD4-89D8A81BC8C4} = {63A40BF3-781E-49A3-BA04-61EC0A06576F}
		{CA43D83E-0683-4D15-9BD1-D7F7357B47FD} = {63A40BF3-781E-49A3-BA04-61EC0A06576F}
	EndGlobalSection
EndGlobal
